
Microsoft Visual Studio Solution File, Format Version 12.00
# Visual Studio Version 16
VisualStudioVersion = 16.0.30611.23
MinimumVisualStudioVersion = 10.0.40219.1
Project("{9A19103F-16F7-4668-BE54-9A1E7A4F7556}") = "Lunes_Assignment1", "Lunes_Assignment1\Lunes_Assignment1.csproj", "{F4B29354-6251-4C59-BCEA-EC7E27A908C0}"
EndProject
Project("{FAE04EC0-301F-11D3-BF4B-00C04F79EFBC}") = "Lunes_Assignment2", "02_BitmapPlayground\02_BitmapPlayground\Lunes_Assignment2.csproj", "{D0298F03-9069-4A54-A61B-AE821CD6B1F5}"
EndProject
Project("{9A19103F-16F7-4668-BE54-9A1E7A4F7556}") = "Lunes_Assignment3_MVC", "Lunes_Assignment3_MVC\Lunes_Assignment3_MVC.csproj", "{ACAD458D-3604-4E2F-BB9D-0AD84E470693}"
EndProject
Global
	GlobalSection(SolutionConfigurationPlatforms) = preSolution
		Debug|Any CPU = Debug|Any CPU
		Release|Any CPU = Release|Any CPU
	EndGlobalSection
	GlobalSection(ProjectConfigurationPlatforms) = postSolution
		{F4B29354-6251-4C59-BCEA-EC7E27A908C0}.Debug|Any CPU.ActiveCfg = Debug|Any CPU
		{F4B29354-6251-4C59-BCEA-EC7E27A908C0}.Debug|Any CPU.Build.0 = Debug|Any CPU
		{F4B29354-6251-4C59-BCEA-EC7E27A908C0}.Release|Any CPU.ActiveCfg = Release|Any CPU
		{F4B29354-6251-4C59-BCEA-EC7E27A908C0}.Release|Any CPU.Build.0 = Release|Any CPU
		{D0298F03-9069-4A54-A61B-AE821CD6B1F5}.Debug|Any CPU.ActiveCfg = Debug|Any CPU
		{D0298F03-9069-4A54-A61B-AE821CD6B1F5}.Debug|Any CPU.Build.0 = Debug|Any CPU
		{D0298F03-9069-4A54-A61B-AE821CD6B1F5}.Release|Any CPU.ActiveCfg = Release|Any CPU
		{D0298F03-9069-4A54-A61B-AE821CD6B1F5}.Release|Any CPU.Build.0 = Release|Any CPU
		{ACAD458D-3604-4E2F-BB9D-0AD84E470693}.Debug|Any CPU.ActiveCfg = Debug|Any CPU
		{ACAD458D-3604-4E2F-BB9D-0AD84E470693}.Debug|Any CPU.Build.0 = Debug|Any CPU
		{ACAD458D-3604-4E2F-BB9D-0AD84E470693}.Release|Any CPU.ActiveCfg = Release|Any CPU
		{ACAD458D-3604-4E2F-BB9D-0AD84E470693}.Release|Any CPU.Build.0 = Release|Any CPU
	EndGlobalSection
	GlobalSection(SolutionProperties) = preSolution
		HideSolutionNode = FALSE
	EndGlobalSection
	GlobalSection(ExtensibilityGlobals) = postSolution
		SolutionGuid = {6AE791FD-95B9-492D-98AB-66BC65E5D388}
	EndGlobalSection
EndGlobal
